<?xml version="1.0" encoding="UTF-8"?>
<Scheme
   LastUpgradeVersion = "1430"
   version = "1.7">
   <BuildAction
      parallelizeBuildables = "YES"
      buildImplicitDependencies = "YES"
      runPostActionsOnFailure = "NO">
      <BuildActionEntries>
         <BuildActionEntry
            buildForTesting = "YES"
            buildForRunning = "YES"
            buildForProfiling = "YES"
            buildForArchiving = "YES"
            buildForAnalyzing = "YES">
            <BuildableReference
               BuildableIdentifier = "primary"
               BlueprintIdentifier = "9C1AE2DD50541ADBE895D56E"
               BuildableName = "NASTOOLMobile.app"
               BlueprintName = "NASTOOLMobile"
               ReferencedContainer = "container:NASTOOLMobile.xcodeproj">
            </BuildableReference>
         </BuildActionEntry>
         <BuildActionEntry
            buildForTesting = "YES"
            buildForRunning = "YES"
            buildForProfiling = "YES"
            buildForArchiving = "YES"
            buildForAnalyzing = "YES">
            <BuildableReference
               BuildableIdentifier = "primary"
               BlueprintIdentifier = "F8C83C2D4D0B91B678924B6E"
               BuildableName = "NASTOOLMobileWidgets.appex"
               BlueprintName = "NASTOOLMobileWidgets"
               ReferencedContainer = "container:NASTOOLMobile.xcodeproj">
            </BuildableReference>
         </BuildActionEntry>
      </BuildActionEntries>
   </BuildAction>
   <TestAction
      buildConfiguration = "Debug"
      selectedDebuggerIdentifier = "Xcode.DebuggerFoundation.Debugger.LLDB"
      selectedLauncherIdentifier = "Xcode.DebuggerFoundation.Launcher.LLDB"
      shouldUseLaunchSchemeArgsEnv = "YES"
      codeCoverageEnabled = "YES"
      onlyGenerateCoverageForSpecifiedTargets = "NO">
      <MacroExpansion>
         <BuildableReference
            BuildableIdentifier = "primary"
            BlueprintIdentifier = "9C1AE2DD50541ADBE895D56E"
            BuildableName = "NASTOOLMobile.app"
            BlueprintName = "NASTOOLMobile"
            ReferencedContainer = "container:NASTOOLMobile.xcodeproj">
         </BuildableReference>
      </MacroExpansion>
      <Testables>
         <TestableReference
            skipped = "NO"
            parallelizable = "NO">
            <BuildableReference
               BuildableIdentifier = "primary"
               BlueprintIdentifier = "C3F07BEFA890B6713DAF8F57"
               BuildableName = "NASTOOLMobileTests.xctest"
               BlueprintName = "NASTOOLMobileTests"
               ReferencedContainer = "container:NASTOOLMobile.xcodeproj">
            </BuildableReference>
         </TestableReference>
         <TestableReference
            skipped = "NO"
            parallelizable = "NO">
            <BuildableReference
               BuildableIdentifier = "primary"
               BlueprintIdentifier = "DB869CAABF0EF20AA6B2B926"
               BuildableName = "NASTOOLMobileUITests.xctest"
               BlueprintName = "NASTOOLMobileUITests"
               ReferencedContainer = "container:NASTOOLMobile.xcodeproj">
            </BuildableReference>
         </TestableReference>
      </Testables>
      <CommandLineArguments>
      </CommandLineArguments>
   </TestAction>
   <LaunchAction
      buildConfiguration = "Debug"
      selectedDebuggerIdentifier = "Xcode.DebuggerFoundation.Debugger.LLDB"
      selectedLauncherIdentifier = "Xcode.DebuggerFoundation.Launcher.LLDB"
      launchStyle = "0"
      useCustomWorkingDirectory = "NO"
      ignoresPersistentStateOnLaunch = "NO"
      debugDocumentVersioning = "YES"
      debugServiceExtension = "internal"
      allowLocationSimulation = "YES">
      <BuildableProductRunnable
         runnableDebuggingMode = "0">
         <BuildableReference
            BuildableIdentifier = "primary"
            BlueprintIdentifier = "9C1AE2DD50541ADBE895D56E"
            BuildableName = "NASTOOLMobile.app"
            BlueprintName = "NASTOOLMobile"
            ReferencedContainer = "container:NASTOOLMobile.xcodeproj">
         </BuildableReference>
      </BuildableProductRunnable>
   </LaunchAction>
   <ProfileAction
      buildConfiguration = "Release"
      shouldUseLaunchSchemeArgsEnv = "YES"
      savedToolIdentifier = ""
      useCustomWorkingDirectory = "NO"
      debugDocumentVersioning = "YES">
      <BuildableProductRunnable
         runnableDebuggingMode = "0">
         <BuildableReference
            BuildableIdentifier = "primary"
            BlueprintIdentifier = "9C1AE2DD50541ADBE895D56E"
            BuildableName = "NASTOOLMobile.app"
            BlueprintName = "NASTOOLMobile"
            ReferencedContainer = "container:NASTOOLMobile.xcodeproj">
         </BuildableReference>
      </BuildableProductRunnable>
   </ProfileAction>
   <AnalyzeAction
      buildConfiguration = "Debug">
   </AnalyzeAction>
   <ArchiveAction
      buildConfiguration = "Release"
      revealArchiveInOrganizer = "YES">
   </ArchiveAction>
</Scheme>
